
Microsoft Visual Studio Solution File, Format Version 12.00
# Visual Studio Version 16
VisualStudioVersion = 16.0.31112.23
MinimumVisualStudioVersion = 10.0.40219.1
Project("{888888A0-9F3D-457C-B088-3A5042F75D52}") = "passgen", "passgen\passgen.pyproj", "{68FCA7D6-C472-4FD4-868D-1C26A2A417B5}"
EndProject
Global
	GlobalSection(SolutionConfigurationPlatforms) = preSolution
		Debug|Any CPU = Debug|Any CPU
		Release|Any CPU = Release|Any CPU
	EndGlobalSection
	GlobalSection(ProjectConfigurationPlatforms) = postSolution
		{68FCA7D6-C472-4FD4-868D-1C26A2A417B5}.Debug|Any CPU.ActiveCfg = Debug|Any CPU
		{68FCA7D6-C472-4FD4-868D-1C26A2A417B5}.Release|Any CPU.ActiveCfg = Release|Any CPU
	EndGlobalSection
	GlobalSection(SolutionProperties) = preSolution
		HideSolutionNode = FALSE
	EndGlobalSection
	GlobalSection(ExtensibilityGlobals) = postSolution
		SolutionGuid = {C66B5966-806E-4F37-8F1B-832E553D3065}
	EndGlobalSection
EndGlobal
